
Microsoft Visual Studio Solution File, Format Version 12.00
# Visual Studio Version 16
VisualStudioVersion = 16.0.29025.244
MinimumVisualStudioVersion = 10.0.40219.1
Project("{FAE04EC0-301F-11D3-BF4B-00C04F79EFBC}") = "LabelLoader", "LabelLoader.csproj", "{AEA2EF5F-AD4D-4294-9A74-6FB364B256B5}"
EndProject
Global
	GlobalSection(SolutionConfigurationPlatforms) = preSolution
		Debug|Any CPU = Debug|Any CPU
		Release|Any CPU = Release|Any CPU
	EndGlobalSection
	GlobalSection(ProjectConfigurationPlatforms) = postSolution
		{AEA2EF5F-AD4D-4294-9A74-6FB364B256B5}.Debug|Any CPU.ActiveCfg = Debug|Any CPU
		{AEA2EF5F-AD4D-4294-9A74-6FB364B256B5}.Debug|Any CPU.Build.0 = Debug|Any CPU
		{AEA2EF5F-AD4D-4294-9A74-6FB364B256B5}.Release|Any CPU.ActiveCfg = Release|Any CPU
		{AEA2EF5F-AD4D-4294-9A74-6FB364B256B5}.Release|Any CPU.Build.0 = Release|Any CPU
	EndGlobalSection
	GlobalSection(SolutionProperties) = preSolution
		HideSolutionNode = FALSE
	EndGlobalSection
	GlobalSection(ExtensibilityGlobals) = postSolution
		SolutionGuid = {AFB2D16C-5387-4C19-906C-A930AFC01079}
	EndGlobalSection
EndGlobal
