
Microsoft Visual Studio Solution File, Format Version 12.00
# Visual Studio Version 16
VisualStudioVersion = 16.0.29025.244
MinimumVisualStudioVersion = 10.0.40219.1
Project("{9A19103F-16F7-4668-BE54-9A1E7A4F7556}") = "GeekBurger.LabelLoader", "GeekBurger.LabelLoader.csproj", "{7D1018CA-24D0-453E-97CB-AC96C8E12761}"
EndProject
Project("{9A19103F-16F7-4668-BE54-9A1E7A4F7556}") = "GeekBurger.LabelLoader.Contract", "..\GeekBurger.LabelLoader.Contract\GeekBurger.LabelLoader.Contract.csproj", "{EC604AEA-93A7-4806-9B2B-968D33F8E348}"
EndProject
Project("{9A19103F-16F7-4668-BE54-9A1E7A4F7556}") = "GeekBurger.LabelLoader.Migrations", "..\GeekBurger.LabelLoader.Migrations\GeekBurger.LabelLoader.Migrations.csproj", "{7E1E04B9-3965-4C5A-9BC1-338F1B2842C0}"
EndProject
Project("{9A19103F-16F7-4668-BE54-9A1E7A4F7556}") = "GeekBurger.LabelLoader.Models", "..\GeekBurger.LabelLoader.Models\GeekBurger.LabelLoader.Models.csproj", "{8D585E2E-0C7B-422B-B0AA-481D42A76AB5}"
EndProject
Global
	GlobalSection(SolutionConfigurationPlatforms) = preSolution
		Debug|Any CPU = Debug|Any CPU
		Release|Any CPU = Release|Any CPU
	EndGlobalSection
	GlobalSection(ProjectConfigurationPlatforms) = postSolution
		{7D1018CA-24D0-453E-97CB-AC96C8E12761}.Debug|Any CPU.ActiveCfg = Debug|Any CPU
		{7D1018CA-24D0-453E-97CB-AC96C8E12761}.Debug|Any CPU.Build.0 = Debug|Any CPU
		{7D1018CA-24D0-453E-97CB-AC96C8E12761}.Release|Any CPU.ActiveCfg = Release|Any CPU
		{7D1018CA-24D0-453E-97CB-AC96C8E12761}.Release|Any CPU.Build.0 = Release|Any CPU
		{EC604AEA-93A7-4806-9B2B-968D33F8E348}.Debug|Any CPU.ActiveCfg = Debug|Any CPU
		{EC604AEA-93A7-4806-9B2B-968D33F8E348}.Debug|Any CPU.Build.0 = Debug|Any CPU
		{EC604AEA-93A7-4806-9B2B-968D33F8E348}.Release|Any CPU.ActiveCfg = Release|Any CPU
		{EC604AEA-93A7-4806-9B2B-968D33F8E348}.Release|Any CPU.Build.0 = Release|Any CPU
		{7E1E04B9-3965-4C5A-9BC1-338F1B2842C0}.Debug|Any CPU.ActiveCfg = Debug|Any CPU
		{7E1E04B9-3965-4C5A-9BC1-338F1B2842C0}.Debug|Any CPU.Build.0 = Debug|Any CPU
		{7E1E04B9-3965-4C5A-9BC1-338F1B2842C0}.Release|Any CPU.ActiveCfg = Release|Any CPU
		{7E1E04B9-3965-4C5A-9BC1-338F1B2842C0}.Release|Any CPU.Build.0 = Release|Any CPU
		{8D585E2E-0C7B-422B-B0AA-481D42A76AB5}.Debug|Any CPU.ActiveCfg = Debug|Any CPU
		{8D585E2E-0C7B-422B-B0AA-481D42A76AB5}.Debug|Any CPU.Build.0 = Debug|Any CPU
		{8D585E2E-0C7B-422B-B0AA-481D42A76AB5}.Release|Any CPU.ActiveCfg = Release|Any CPU
		{8D585E2E-0C7B-422B-B0AA-481D42A76AB5}.Release|Any CPU.Build.0 = Release|Any CPU
	EndGlobalSection
	GlobalSection(SolutionProperties) = preSolution
		HideSolutionNode = FALSE
	EndGlobalSection
	GlobalSection(ExtensibilityGlobals) = postSolution
		SolutionGuid = {24AA59D1-4793-4D05-AEE7-492BD4D3FD8B}
	EndGlobalSection
EndGlobal
